
Microsoft Visual Studio Solution File, Format Version 12.00
# Visual Studio Version 17
VisualStudioVersion = 17.8.34408.163
MinimumVisualStudioVersion = 10.0.40219.1
Project("{FAE04EC0-301F-11D3-BF4B-00C04F79EFBC}") = "ConsoleApptest10", "ConsoleApptest10.csproj", "{E77F8B67-4929-497D-806F-313095B21A3D}"
EndProject
Global
	GlobalSection(SolutionConfigurationPlatforms) = preSolution
		Debug|Any CPU = Debug|Any CPU
		Release|Any CPU = Release|Any CPU
	EndGlobalSection
	GlobalSection(ProjectConfigurationPlatforms) = postSolution
		{E77F8B67-4929-497D-806F-313095B21A3D}.Debug|Any CPU.ActiveCfg = Debug|Any CPU
		{E77F8B67-4929-497D-806F-313095B21A3D}.Debug|Any CPU.Build.0 = Debug|Any CPU
		{E77F8B67-4929-497D-806F-313095B21A3D}.Release|Any CPU.ActiveCfg = Release|Any CPU
		{E77F8B67-4929-497D-806F-313095B21A3D}.Release|Any CPU.Build.0 = Release|Any CPU
	EndGlobalSection
	GlobalSection(SolutionProperties) = preSolution
		HideSolutionNode = FALSE
	EndGlobalSection
	GlobalSection(ExtensibilityGlobals) = postSolution
		SolutionGuid = {3A495400-2253-4EAB-8637-E5440CF819A9}
	EndGlobalSection
EndGlobal
