
Microsoft Visual Studio Solution File, Format Version 12.00
# Visual Studio Version 17
VisualStudioVersion = 17.8.34408.163
MinimumVisualStudioVersion = 10.0.40219.1
Project("{FAE04EC0-301F-11D3-BF4B-00C04F79EFBC}") = "ConsoleApptest8", "ConsoleApptest8.csproj", "{F849FE3C-AC41-4079-AF5C-42CF75DC25F7}"
EndProject
Global
	GlobalSection(SolutionConfigurationPlatforms) = preSolution
		Debug|Any CPU = Debug|Any CPU
		Release|Any CPU = Release|Any CPU
	EndGlobalSection
	GlobalSection(ProjectConfigurationPlatforms) = postSolution
		{F849FE3C-AC41-4079-AF5C-42CF75DC25F7}.Debug|Any CPU.ActiveCfg = Debug|Any CPU
		{F849FE3C-AC41-4079-AF5C-42CF75DC25F7}.Debug|Any CPU.Build.0 = Debug|Any CPU
		{F849FE3C-AC41-4079-AF5C-42CF75DC25F7}.Release|Any CPU.ActiveCfg = Release|Any CPU
		{F849FE3C-AC41-4079-AF5C-42CF75DC25F7}.Release|Any CPU.Build.0 = Release|Any CPU
	EndGlobalSection
	GlobalSection(SolutionProperties) = preSolution
		HideSolutionNode = FALSE
	EndGlobalSection
	GlobalSection(ExtensibilityGlobals) = postSolution
		SolutionGuid = {8E851ABE-023C-4C18-94D7-CF2EFDE20FB5}
	EndGlobalSection
EndGlobal
